
Microsoft Visual Studio Solution File, Format Version 12.00
# Visual Studio 15
VisualStudioVersion = 15.0.28307.421
MinimumVisualStudioVersion = 10.0.40219.1
Project("{888888A0-9F3D-457C-B088-3A5042F75D52}") = "AlphabetRecognition", "AlphabetRecognition.pyproj", "{16B39A0D-0569-4BF0-8CBD-463F232377D9}"
EndProject
Global
	GlobalSection(SolutionConfigurationPlatforms) = preSolution
		Debug|Any CPU = Debug|Any CPU
		Release|Any CPU = Release|Any CPU
	EndGlobalSection
	GlobalSection(ProjectConfigurationPlatforms) = postSolution
		{16B39A0D-0569-4BF0-8CBD-463F232377D9}.Debug|Any CPU.ActiveCfg = Debug|Any CPU
		{16B39A0D-0569-4BF0-8CBD-463F232377D9}.Release|Any CPU.ActiveCfg = Release|Any CPU
	EndGlobalSection
	GlobalSection(SolutionProperties) = preSolution
		HideSolutionNode = FALSE
	EndGlobalSection
	GlobalSection(ExtensibilityGlobals) = postSolution
		SolutionGuid = {C0ED17DF-DBA4-41DE-A9CA-2038223EA5F3}
	EndGlobalSection
EndGlobal
